# This file is autogenerated, do not edit; changes may be undone by the next 'dep ensure'.


[[projects]]
  digest = "1:c98a29d4088336aa0ff6923426abf6bea429d512a1d9be780391f34b804ab475"
  name = "cloud.google.com/go"
  packages = [
    "compute/metadata",
    "errorreporting",
    "errorreporting/apiv1beta1",
    "iam",
    "internal/optional",
    "internal/version",
    "pubsub",
    "pubsub/apiv1",
    "pubsub/internal/distribution",
  ]
  pruneopts = "UT"
  revision = "0ebda48a7f143b1cce9eb37a8c1106ac762a3430"
  version = "v0.34.0"

[[projects]]
  digest = "1:7248f832d2ec4b41627eb8bd55645bc42048a392ddeb647fd0abb2b69f1ded1a"
  name = "github.com/Jeffail/tunny"
  packages = ["."]
  pruneopts = "UT"
  revision = "59cfa8fcb19f5acba8db07a0dd3cb2fa7edbc228"
  version = "0.1.1"

[[projects]]
  branch = "master"
  digest = "1:315c5f2f60c76d89b871c73f9bd5fe689cad96597afd50fb9992228ef80bdd34"
  name = "github.com/alecthomas/template"
  packages = [
    ".",
    "parse",
  ]
  pruneopts = "UT"
  revision = "a0175ee3bccc567396460bf5acd36800cb10c49c"

[[projects]]
  branch = "master"
  digest = "1:c198fdc381e898e8fb62b8eb62758195091c313ad18e52a3067366e1dda2fb3c"
  name = "github.com/alecthomas/units"
  packages = ["."]
  pruneopts = "UT"
  revision = "2efee857e7cfd4f3d0138cc3cbb1b4966962b93a"

[[projects]]
  digest = "1:1156cfea0ff969858f6027df95c15ca5e802556b466aebeedaf53dde3b301db3"
  name = "github.com/allegro/bigcache"
  packages = [
    ".",
    "queue",
  ]
  pruneopts = "UT"
  revision = "f31987a23e44c5121ef8c8b2f2ea2e8ffa37b068"
  version = "v1.1.0"

[[projects]]
  branch = "master"
  digest = "1:7d191fd0c54ff370eaf6116a14dafe2a328df487baea280699f597aae858d00d"
  name = "github.com/aristanetworks/goarista"
  packages = ["monotime"]
  pruneopts = "UT"
  revision = "c23ca1b101a5ddad1bd6a8aed46de3e49d996d8b"

[[projects]]
  branch = "master"
  digest = "1:1f119122026d2fc746c30ff1fc564c6074b2f0e4449d4230146a3deec986bf43"
  name = "github.com/btcsuite/btcd"
  packages = ["btcec"]
  pruneopts = "UT"
  revision = "86fed781132ac890ee03e906e4ecd5d6fa180c64"

[[projects]]
  digest = "1:fed1f537c2f1269fe475a8556c393fe466641682d73ef8fd0491cd3aa1e47bad"
  name = "github.com/certifi/gocertifi"
  packages = ["."]
  pruneopts = "UT"
  revision = "deb3ae2ef2610fde3330947281941c562861188b"
  version = "2018.01.18"

[[projects]]
  digest = "1:ffe9824d294da03b391f44e1ae8281281b4afc1bdaa9588c9097785e3af10cec"
  name = "github.com/davecgh/go-spew"
  packages = ["spew"]
  pruneopts = "UT"
  revision = "8991bc29aa16c548c550c7ff78260e27b9ab7c73"
  version = "v1.1.1"

[[projects]]
  digest = "1:c166378e8ab0f794f293dfb941d250dd70b035b05dec58879f717621d0fe1714"
  name = "github.com/deckarep/golang-set"
  packages = ["."]
  pruneopts = "UT"
  revision = "1d4478f51bed434f1dadf96dcd9b43aabac66795"
  version = "v1.7"

[[projects]]
  branch = "master"
  digest = "1:67d0b50be0549e610017cb91e0b0b745ec0cad7c613bc8e18ff2d1c1fc8825a7"
  name = "github.com/edsrzf/mmap-go"
  packages = ["."]
  pruneopts = "UT"
  revision = "0bce6a6887123b67a60366d2c9fe2dfb74289d2e"

[[projects]]
  digest = "1:a2b2934a5cddefabe8ad32f307ad1ee4ca1d139662958719b43bf75aaf2cbf57"
  name = "github.com/ethereum/go-ethereum"
  packages = [
    ".",
    "accounts",
    "accounts/abi",
    "accounts/abi/bind",
    "accounts/abi/bind/backends",
    "accounts/keystore",
    "common",
    "common/bitutil",
    "common/hexutil",
    "common/math",
    "common/mclock",
    "common/prque",
    "consensus",
    "consensus/ethash",
    "consensus/misc",
    "core",
    "core/bloombits",
    "core/rawdb",
    "core/state",
    "core/types",
    "core/vm",
    "crypto",
    "crypto/bn256",
    "crypto/bn256/cloudflare",
    "crypto/bn256/google",
    "crypto/secp256k1",
    "eth/filters",
    "ethclient",
    "ethdb",
    "ethdb/leveldb",
    "ethdb/memorydb",
    "event",
    "log",
    "metrics",
    "p2p/netutil",
    "params",
    "rlp",
    "rpc",
    "trie",
  ]
  pruneopts = "T"
  revision = "008d250e3c57e1b8a350c8049fe4af71cf26a7e9"

[[projects]]
  digest = "1:ca82a3b99694824c627573c2a76d0e49719b4a9c02d1d85a2ac91f1c1f52ab9b"
  name = "github.com/fatih/structs"
  packages = ["."]
  pruneopts = "UT"
  revision = "a720dfa8df582c51dee1b36feabb906bde1588bd"
  version = "v1.0"

[[projects]]
  digest = "1:d18f6f088d7d8365df47f49dfa24b6ff6701a941118ffda30c589d1bd954074b"
  name = "github.com/getsentry/raven-go"
  packages = ["."]
  pruneopts = "UT"
  revision = "f04e7487e9a6b9d9837d52743fb5f40576c56411"
  version = "v0.2.0"

[[projects]]
  digest = "1:1c70b4d7285f792bd387c1adac08825715147fa210b3d2826ffd2bf56be9455b"
  name = "github.com/go-chi/chi"
  packages = ["."]
  pruneopts = "UT"
  revision = "da24bba8dcd4021cafac38724bf10dccc97c3e36"
  version = "v4.0.2"

[[projects]]
  digest = "1:c4a2528ccbcabf90f9f3c464a5fc9e302d592861bbfd0b7135a7de8a943d0406"
  name = "github.com/go-stack/stack"
  packages = ["."]
  pruneopts = "UT"
  revision = "259ab82a6cad3992b4e21ff5cac294ccb06474bc"
  version = "v1.7.0"

[[projects]]
  branch = "master"
  digest = "1:1ba1d79f2810270045c328ae5d674321db34e3aae468eb4233883b473c5c0467"
  name = "github.com/golang/glog"
  packages = ["."]
  pruneopts = "UT"
  revision = "23def4e6c14b4da8ac2ed8007337bc5eb5007998"

[[projects]]
  digest = "1:ec0bde6dc8cf3cb9254f79603bd8489c366a0a8584949cac5a73fa10b9f47c21"
  name = "github.com/golang/protobuf"
  packages = [
    "proto",
    "protoc-gen-go/descriptor",
    "ptypes",
    "ptypes/any",
    "ptypes/duration",
    "ptypes/empty",
    "ptypes/struct",
    "ptypes/timestamp",
  ]
  pruneopts = "UT"
  revision = "aa810b61a9c79d51363740d207bb46cf8e620ed5"
  version = "v1.2.0"

[[projects]]
  branch = "master"
  digest = "1:4a0c6bb4805508a6287675fac876be2ac1182539ca8a32468d8128882e9d5009"
  name = "github.com/golang/snappy"
  packages = ["."]
  pruneopts = "UT"
  revision = "2e65f85255dbc3072edf28d6b5b8efc472979f5a"

[[projects]]
  digest = "1:cd9864c6366515827a759931746738ede6079faa08df9c584596370d6add135c"
  name = "github.com/googleapis/gax-go"
  packages = [
    ".",
    "v2",
  ]
  pruneopts = "UT"
  revision = "c8a15bac9b9fe955bd9f900272f9a306465d28cf"
  version = "v2.0.3"

[[projects]]
  branch = "master"
  digest = "1:cf296baa185baae04a9a7004efee8511d08e2f5f51d4cbe5375da89722d681db"
  name = "github.com/hashicorp/golang-lru"
  packages = [
    ".",
    "simplelru",
  ]
  pruneopts = "UT"
  revision = "0fb14efe8c47ae851c0034ed7a448854d3d34cf3"

[[projects]]
  digest = "1:7654989089e5bd5b6734ec3be8b695e87d3f1f8d95620b343fd7d3995a5b60d7"
  name = "github.com/jmoiron/sqlx"
  packages = [
    ".",
    "reflectx",
  ]
  pruneopts = "UT"
  revision = "0dae4fefe7c0e190f7b5a78dac28a1c82cc8d849"

[[projects]]
  digest = "1:ecd9aa82687cf31d1585d4ac61d0ba180e42e8a6182b85bd785fcca8dfeefc1b"
  name = "github.com/joho/godotenv"
  packages = ["."]
  pruneopts = "UT"
  revision = "23d116af351c84513e1946b527c88823e476be13"
  version = "v1.3.0"

[[projects]]
  branch = "master"
  digest = "1:b913cfc7f0ca5590d449d9e022aef31283445227a8a17b41d4e3bd6f31954ecf"
  name = "github.com/joincivil/go-common"
  packages = [
    "pkg/bytes",
    "pkg/config",
    "pkg/errors",
    "pkg/eth",
    "pkg/gen",
    "pkg/generated/contract",
    "pkg/jobs",
    "pkg/persistence",
    "pkg/persistence/postgres",
    "pkg/pubsub",
    "pkg/strings",
    "pkg/time",
  ]
  pruneopts = "UT"
  revision = "fb0a40c2471c766b0aa1b6dcb4e3280d4e460a2f"

[[projects]]
  digest = "1:edbef42561faa44c19129b68d1e109fbc1647f63239250391eadc8d0e7c9f669"
  name = "github.com/kelseyhightower/envconfig"
  packages = ["."]
  pruneopts = "UT"
  revision = "f611eb38b3875cc3bd991ca91c51d06446afa14c"
  version = "v1.3.0"

[[projects]]
  digest = "1:37ce7d7d80531b227023331002c0d42b4b4b291a96798c82a049d03a54ba79e4"
  name = "github.com/lib/pq"
  packages = [
    ".",
    "oid",
  ]
  pruneopts = "UT"
  revision = "90697d60dd844d5ef6ff15135d0203f65d2f53b8"

[[projects]]
  digest = "1:0356f3312c9bd1cbeda81505b7fd437501d8e778ab66998ef69f00d7f9b3a0d7"
  name = "github.com/mattn/go-runewidth"
  packages = ["."]
  pruneopts = "UT"
  revision = "3ee7d812e62a0804a7d0a324e0249ca2db3476d3"
  version = "v0.0.4"

[[projects]]
  digest = "1:abcdbf03ca6ca13d3697e2186edc1f33863bbdac2b3a44dfa39015e8903f7409"
  name = "github.com/olekukonko/tablewriter"
  packages = ["."]
  pruneopts = "UT"
  revision = "e6d60cf7ba1f42d86d54cdf5508611c4aafb3970"
  version = "v0.0.1"

[[projects]]
  digest = "1:361de06aa7ae272616cbe71c3994a654cc6316324e30998e650f7765b20c5b33"
  name = "github.com/pborman/uuid"
  packages = ["."]
  pruneopts = "UT"
  revision = "e790cca94e6cc75c7064b1332e63811d4aae1a53"
  version = "v1.1"

[[projects]]
  digest = "1:cf31692c14422fa27c83a05292eb5cbe0fb2775972e8f1f8446a71549bd8980b"
  name = "github.com/pkg/errors"
  packages = ["."]
  pruneopts = "UT"
  revision = "ba968bfe8b2f7e042a574c888954fccecfa385b4"
  version = "v0.8.1"

[[projects]]
  digest = "1:447ab23604df9681aabfc6e48dbded59cb933b6eb4224e64d9d037318534b1bd"
  name = "github.com/pkg/profile"
  packages = ["."]
  pruneopts = "UT"
  revision = "f6fe06335df110bcf1ed6d4e852b760bfc15beee"
  version = "v1.3.0"

[[projects]]
  digest = "1:1b8344715571e257101066e65d0bc8172715ecf09c8bd09b56763ec6389395e4"
  name = "github.com/prometheus/tsdb"
  packages = ["fileutil"]
  pruneopts = "UT"
  revision = "d48a5e2d5c34116dfcbc7b935c66157847b2d8b5"
  version = "v0.8.0"

[[projects]]
  digest = "1:31d83d1b1c288073c91abadee3caec87de2a1fb5dbe589039264a802e67a26b8"
  name = "github.com/rjeczalik/notify"
  packages = ["."]
  pruneopts = "UT"
  revision = "69d839f37b13a8cb7a78366f7633a4071cb43be7"
  version = "v0.9.2"

[[projects]]
  digest = "1:9695b472826ca23e521d650849fefac3102dddbf841c9a4b35fb9d3ed5d17011"
  name = "github.com/rs/cors"
  packages = ["."]
  pruneopts = "UT"
  revision = "ca016a06a5753f8ba03029c0aa5e54afb1bf713f"
  version = "v1.4.0"

[[projects]]
  branch = "master"
  digest = "1:ddaa79b37808fbd09a1c3f484bba6320c884664dfc25ccc5f2d7d5a82222177c"
  name = "github.com/shurcooL/go"
  packages = ["ctxhttp"]
  pruneopts = "UT"
  revision = "9e1955d9fb6e1ee2345ba1f5e71669263e719e27"

[[projects]]
  branch = "master"
  digest = "1:a8f210a8beb6984176d56d38660ac0116f79d8c337db1caa136d4bbc13348c92"
  name = "github.com/shurcooL/graphql"
  packages = [
    ".",
    "ident",
    "internal/jsonutil",
  ]
  pruneopts = "UT"
  revision = "62c9ce094e75302d560f7adcdf16c06d05aaa958"

[[projects]]
  digest = "1:266e2f508feb9a9a765bfeb74d116a88514248b2f8428788dcce574bd026b9c0"
  name = "github.com/steakknife/bloomfilter"
  packages = ["."]
  pruneopts = "UT"
  revision = "99ee86d9200fcc2ffde62f508329bd6627c0a307"
  version = "1.0.4"

[[projects]]
  digest = "1:5ca4bdccd72e66aaba5b52f9c4a21f1021102f0919432fe138ad5d48abf06833"
  name = "github.com/steakknife/hamming"
  packages = ["."]
  pruneopts = "UT"
  revision = "003c143a81c25ea5e263d692919c611c7122ae6b"
  version = "0.2.5"

[[projects]]
  branch = "master"
  digest = "1:b18d044774f6ba5930c3fbf9958b2a9256c21f31dc50ecfa0622fe2a46608974"
  name = "github.com/syndtr/goleveldb"
  packages = [
    "leveldb",
    "leveldb/cache",
    "leveldb/comparer",
    "leveldb/errors",
    "leveldb/filter",
    "leveldb/iterator",
    "leveldb/journal",
    "leveldb/memdb",
    "leveldb/opt",
    "leveldb/storage",
    "leveldb/table",
    "leveldb/util",
  ]
  pruneopts = "UT"
  revision = "5d6fca44a948d2be89a9702de7717f0168403d3d"

[[projects]]
  digest = "1:381ccafa5e013a0e3f9b54604ae522a73b9533a375a6a714b483c634d5e927ab"
  name = "go.opencensus.io"
  packages = [
    ".",
    "exemplar",
    "internal",
    "internal/tagencoding",
    "plugin/ocgrpc",
    "plugin/ochttp",
    "plugin/ochttp/propagation/b3",
    "stats",
    "stats/internal",
    "stats/view",
    "tag",
    "trace",
    "trace/internal",
    "trace/propagation",
    "trace/tracestate",
  ]
  pruneopts = "UT"
  revision = "b7bf3cdb64150a8c8c53b769fdeb2ba581bd4d4b"
  version = "v0.18.0"

[[projects]]
  branch = "master"
  digest = "1:a6f85d6d31c8c1185cf138cc82144c101e828472009bd8479425a011fd321e77"
  name = "golang.org/x/crypto"
  packages = [
    "pbkdf2",
    "ripemd160",
    "scrypt",
    "sha3",
  ]
  pruneopts = "UT"
  revision = "74369b46fc6756741c016591724fd1cb8e26845f"

[[projects]]
  branch = "master"
  digest = "1:b2fa4be5e0f04a9a65ed2c47de44e5d38378fc298c903432762c98e2fdfb97b4"
  name = "golang.org/x/net"
  packages = [
    "context",
    "context/ctxhttp",
    "http/httpguts",
    "http2",
    "http2/hpack",
    "idna",
    "internal/timeseries",
    "trace",
    "websocket",
  ]
  pruneopts = "UT"
  revision = "1e491301e022f8f977054da4c2d852decd59571f"

[[projects]]
  branch = "master"
  digest = "1:23443edff0740e348959763085df98400dcfd85528d7771bb0ce9f5f2754ff4a"
  name = "golang.org/x/oauth2"
  packages = [
    ".",
    "google",
    "internal",
    "jws",
    "jwt",
  ]
  pruneopts = "UT"
  revision = "d668ce993890a79bda886613ee587a69dd5da7a6"

[[projects]]
  branch = "master"
  digest = "1:d6b0cfc5ae30841c4b116ac589629f56f8add0955a39f11d8c0d06ca67f5b3d5"
  name = "golang.org/x/sync"
  packages = [
    "errgroup",
    "semaphore",
  ]
  pruneopts = "UT"
  revision = "42b317875d0fa942474b76e1b46a6060d720ae6e"

[[projects]]
  branch = "master"
  digest = "1:b09ba0fba0b4350a9ae33a1dce0f4aaf63941d5480c3f158830bccc596133fbd"
  name = "golang.org/x/sys"
  packages = [
    "cpu",
    "unix",
  ]
  pruneopts = "UT"
  revision = "c11f84a56e43e20a78cee75a7c034031ecf57d1f"

[[projects]]
  digest = "1:a2ab62866c75542dd18d2b069fec854577a20211d7c0ea6ae746072a1dccdd18"
  name = "golang.org/x/text"
  packages = [
    "collate",
    "collate/build",
    "internal/colltab",
    "internal/gen",
    "internal/tag",
    "internal/triegen",
    "internal/ucd",
    "language",
    "secure/bidirule",
    "transform",
    "unicode/bidi",
    "unicode/cldr",
    "unicode/norm",
    "unicode/rangetable",
  ]
  pruneopts = "UT"
  revision = "f21a4dfb5e38f5895301dc265a8def02365cc3d0"
  version = "v0.3.0"

[[projects]]
  branch = "master"
  digest = "1:2e81813e8e072aa700e101369890e55539729d817d32dbc3fab228d6b40c4d83"
  name = "google.golang.org/api"
  packages = [
    "googleapi/transport",
    "internal",
    "iterator",
    "option",
    "support/bundler",
    "transport",
    "transport/grpc",
    "transport/http",
    "transport/http/internal/propagation",
  ]
  pruneopts = "UT"
  revision = "146117f78c63efe78e04021cc321e59fb3c13e50"

[[projects]]
  digest = "1:b13819327be647014031c6a194299da87ca35313bfc01fdc1da7bd3ddf08cbce"
  name = "google.golang.org/appengine"
  packages = [
    ".",
    "internal",
    "internal/app_identity",
    "internal/base",
    "internal/datastore",
    "internal/log",
    "internal/modules",
    "internal/remote_api",
    "internal/socket",
    "internal/urlfetch",
    "socket",
    "urlfetch",
  ]
  pruneopts = "UT"
  revision = "4a4468ece617fc8205e99368fa2200e9d1fad421"
  version = "v1.3.0"

[[projects]]
  branch = "master"
  digest = "1:643818f117fbb5fe0247f23ce176a2334e7dd78f04e0b5644d836a9721c3bbfa"
  name = "google.golang.org/genproto"
  packages = [
    "googleapis/api/annotations",
    "googleapis/api/label",
    "googleapis/api/monitoredres",
    "googleapis/devtools/clouderrorreporting/v1beta1",
    "googleapis/iam/v1",
    "googleapis/pubsub/v1",
    "googleapis/rpc/status",
    "protobuf/field_mask",
  ]
  pruneopts = "UT"
  revision = "5a97ab628bfb2f65f6befec18f4bc7bc7f382b77"

[[projects]]
  digest = "1:3fc54ad826c0183f803bb97e0927dfc05fcb7b7a6ddabed646ee8184d861fa9b"
  name = "google.golang.org/grpc"
  packages = [
    ".",
    "balancer",
    "balancer/base",
    "balancer/roundrobin",
    "binarylog/grpc_binarylog_v1",
    "codes",
    "connectivity",
    "credentials",
    "credentials/internal",
    "credentials/oauth",
    "encoding",
    "encoding/proto",
    "grpclog",
    "internal",
    "internal/backoff",
    "internal/binarylog",
    "internal/channelz",
    "internal/envconfig",
    "internal/grpcrand",
    "internal/grpcsync",
    "internal/syscall",
    "internal/transport",
    "keepalive",
    "metadata",
    "naming",
    "peer",
    "resolver",
    "resolver/dns",
    "resolver/passthrough",
    "stats",
    "status",
    "tap",
  ]
  pruneopts = "UT"
  revision = "df014850f6dee74ba2fc94874043a9f3f75fbfd8"
  version = "v1.17.0"

[[projects]]
  digest = "1:c06d9e11d955af78ac3bbb26bd02e01d2f61f689e1a3bce2ef6fb683ef8a7f2d"
  name = "gopkg.in/alecthomas/kingpin.v2"
  packages = ["."]
  pruneopts = "UT"
  revision = "947dcec5ba9c011838740e680966fd7087a71d0d"
  version = "v2.2.6"

[[projects]]
  branch = "v2"
  digest = "1:3d3f9391ab615be8655ae0d686a1564f3fec413979bb1aaf018bac1ec1bb1cc7"
  name = "gopkg.in/natefinch/npipe.v2"
  packages = ["."]
  pruneopts = "UT"
  revision = "c1b8fa8bdccecb0b8db834ee0b92fdbcfa606dd6"

[solve-meta]
  analyzer-name = "dep"
  analyzer-version = 1
  input-imports = [
    "github.com/Jeffail/tunny",
    "github.com/davecgh/go-spew/spew",
    "github.com/ethereum/go-ethereum",
    "github.com/ethereum/go-ethereum/accounts/abi",
    "github.com/ethereum/go-ethereum/accounts/abi/bind",
    "github.com/ethereum/go-ethereum/accounts/abi/bind/backends",
    "github.com/ethereum/go-ethereum/common",
    "github.com/ethereum/go-ethereum/core",
    "github.com/ethereum/go-ethereum/core/types",
    "github.com/ethereum/go-ethereum/crypto",
    "github.com/ethereum/go-ethereum/ethclient",
    "github.com/ethereum/go-ethereum/log",
    "github.com/ethereum/go-ethereum/rlp",
    "github.com/fatih/structs",
    "github.com/go-chi/chi",
    "github.com/golang/glog",
    "github.com/jmoiron/sqlx",
    "github.com/joincivil/go-common/pkg/bytes",
    "github.com/joincivil/go-common/pkg/config",
    "github.com/joincivil/go-common/pkg/errors",
    "github.com/joincivil/go-common/pkg/eth",
    "github.com/joincivil/go-common/pkg/gen",
    "github.com/joincivil/go-common/pkg/generated/contract",
    "github.com/joincivil/go-common/pkg/persistence",
    "github.com/joincivil/go-common/pkg/persistence/postgres",
    "github.com/joincivil/go-common/pkg/pubsub",
    "github.com/joincivil/go-common/pkg/strings",
    "github.com/joincivil/go-common/pkg/time",
    "github.com/kelseyhightower/envconfig",
    "github.com/lib/pq",
    "github.com/pkg/errors",
    "github.com/pkg/profile",
    "github.com/shurcooL/graphql",
    "golang.org/x/net/websocket",
    "gopkg.in/alecthomas/kingpin.v2",
  ]
  solver-name = "gps-cdcl"
  solver-version = 1
